
Microsoft Visual Studio Solution File, Format Version 12.00
# Visual Studio Version 16
VisualStudioVersion = 16.0.28803.352
MinimumVisualStudioVersion = 10.0.40219.1
Project("{8BC9CEB8-8B4A-11D0-8D11-00A0C91BC942}") = "myPow", "myPow\myPow.vcxproj", "{226724E9-C583-44C5-B5CC-D6A986C1B423}"
EndProject
Project("{8BC9CEB8-8B4A-11D0-8D11-00A0C91BC942}") = "twoNumSum", "twoNumSum\twoNumSum.vcxproj", "{FF6B9C6D-336B-48BD-9763-7C1A1D35E666}"
EndProject
Project("{8BC9CEB8-8B4A-11D0-8D11-00A0C91BC942}") = "MaximumSuborderSum", "MaximumSuborderSum\MaximumSuborderSum.vcxproj", "{927221D3-A4D7-401E-A985-AC5E09967BE1}"
EndProject
Project("{8BC9CEB8-8B4A-11D0-8D11-00A0C91BC942}") = "findSingleNumber", "findSingleNumber\findSingleNumber.vcxproj", "{93DF3A2C-9902-451E-8A42-FB27246ED810}"
EndProject
Project("{8BC9CEB8-8B4A-11D0-8D11-00A0C91BC942}") = "isHappyNum", "isHappyNum\isHappyNum.vcxproj", "{6DB188E2-63C8-4FFD-9E1E-406601ABC262}"
EndProject
Project("{8BC9CEB8-8B4A-11D0-8D11-00A0C91BC942}") = "Multithread", "Multithread\Multithread.vcxproj", "{738B5BCB-F4D1-464F-BAF6-C11E4037BF8B}"
EndProject
Global
	GlobalSection(SolutionConfigurationPlatforms) = preSolution
		Debug|x64 = Debug|x64
		Debug|x86 = Debug|x86
		Release|x64 = Release|x64
		Release|x86 = Release|x86
	EndGlobalSection
	GlobalSection(ProjectConfigurationPlatforms) = postSolution
		{226724E9-C583-44C5-B5CC-D6A986C1B423}.Debug|x64.ActiveCfg = Debug|x64
		{226724E9-C583-44C5-B5CC-D6A986C1B423}.Debug|x64.Build.0 = Debug|x64
		{226724E9-C583-44C5-B5CC-D6A986C1B423}.Debug|x86.ActiveCfg = Debug|Win32
		{226724E9-C583-44C5-B5CC-D6A986C1B423}.Debug|x86.Build.0 = Debug|Win32
		{226724E9-C583-44C5-B5CC-D6A986C1B423}.Release|x64.ActiveCfg = Release|x64
		{226724E9-C583-44C5-B5CC-D6A986C1B423}.Release|x64.Build.0 = Release|x64
		{226724E9-C583-44C5-B5CC-D6A986C1B423}.Release|x86.ActiveCfg = Release|Win32
		{226724E9-C583-44C5-B5CC-D6A986C1B423}.Release|x86.Build.0 = Release|Win32
		{FF6B9C6D-336B-48BD-9763-7C1A1D35E666}.Debug|x64.ActiveCfg = Debug|x64
		{FF6B9C6D-336B-48BD-9763-7C1A1D35E666}.Debug|x64.Build.0 = Debug|x64
		{FF6B9C6D-336B-48BD-9763-7C1A1D35E666}.Debug|x86.ActiveCfg = Debug|Win32
		{FF6B9C6D-336B-48BD-9763-7C1A1D35E666}.Debug|x86.Build.0 = Debug|Win32
		{FF6B9C6D-336B-48BD-9763-7C1A1D35E666}.Release|x64.ActiveCfg = Release|x64
		{FF6B9C6D-336B-48BD-9763-7C1A1D35E666}.Release|x64.Build.0 = Release|x64
		{FF6B9C6D-336B-48BD-9763-7C1A1D35E666}.Release|x86.ActiveCfg = Release|Win32
		{FF6B9C6D-336B-48BD-9763-7C1A1D35E666}.Release|x86.Build.0 = Release|Win32
		{927221D3-A4D7-401E-A985-AC5E09967BE1}.Debug|x64.ActiveCfg = Debug|x64
		{927221D3-A4D7-401E-A985-AC5E09967BE1}.Debug|x64.Build.0 = Debug|x64
		{927221D3-A4D7-401E-A985-AC5E09967BE1}.Debug|x86.ActiveCfg = Debug|Win32
		{927221D3-A4D7-401E-A985-AC5E09967BE1}.Debug|x86.Build.0 = Debug|Win32
		{927221D3-A4D7-401E-A985-AC5E09967BE1}.Release|x64.ActiveCfg = Release|x64
		{927221D3-A4D7-401E-A985-AC5E09967BE1}.Release|x64.Build.0 = Release|x64
		{927221D3-A4D7-401E-A985-AC5E09967BE1}.Release|x86.ActiveCfg = Release|Win32
		{927221D3-A4D7-401E-A985-AC5E09967BE1}.Release|x86.Build.0 = Release|Win32
		{93DF3A2C-9902-451E-8A42-FB27246ED810}.Debug|x64.ActiveCfg = Debug|x64
		{93DF3A2C-9902-451E-8A42-FB27246ED810}.Debug|x64.Build.0 = Debug|x64
		{93DF3A2C-9902-451E-8A42-FB27246ED810}.Debug|x86.ActiveCfg = Debug|Win32
		{93DF3A2C-9902-451E-8A42-FB27246ED810}.Debug|x86.Build.0 = Debug|Win32
		{93DF3A2C-9902-451E-8A42-FB27246ED810}.Release|x64.ActiveCfg = Release|x64
		{93DF3A2C-9902-451E-8A42-FB27246ED810}.Release|x64.Build.0 = Release|x64
		{93DF3A2C-9902-451E-8A42-FB27246ED810}.Release|x86.ActiveCfg = Release|Win32
		{93DF3A2C-9902-451E-8A42-FB27246ED810}.Release|x86.Build.0 = Release|Win32
		{6DB188E2-63C8-4FFD-9E1E-406601ABC262}.Debug|x64.ActiveCfg = Debug|x64
		{6DB188E2-63C8-4FFD-9E1E-406601ABC262}.Debug|x64.Build.0 = Debug|x64
		{6DB188E2-63C8-4FFD-9E1E-406601ABC262}.Debug|x86.ActiveCfg = Debug|Win32
		{6DB188E2-63C8-4FFD-9E1E-406601ABC262}.Debug|x86.Build.0 = Debug|Win32
		{6DB188E2-63C8-4FFD-9E1E-406601ABC262}.Release|x64.ActiveCfg = Release|x64
		{6DB188E2-63C8-4FFD-9E1E-406601ABC262}.Release|x64.Build.0 = Release|x64
		{6DB188E2-63C8-4FFD-9E1E-406601ABC262}.Release|x86.ActiveCfg = Release|Win32
		{6DB188E2-63C8-4FFD-9E1E-406601ABC262}.Release|x86.Build.0 = Release|Win32
		{738B5BCB-F4D1-464F-BAF6-C11E4037BF8B}.Debug|x64.ActiveCfg = Debug|x64
		{738B5BCB-F4D1-464F-BAF6-C11E4037BF8B}.Debug|x64.Build.0 = Debug|x64
		{738B5BCB-F4D1-464F-BAF6-C11E4037BF8B}.Debug|x86.ActiveCfg = Debug|Win32
		{738B5BCB-F4D1-464F-BAF6-C11E4037BF8B}.Debug|x86.Build.0 = Debug|Win32
		{738B5BCB-F4D1-464F-BAF6-C11E4037BF8B}.Release|x64.ActiveCfg = Release|x64
		{738B5BCB-F4D1-464F-BAF6-C11E4037BF8B}.Release|x64.Build.0 = Release|x64
		{738B5BCB-F4D1-464F-BAF6-C11E4037BF8B}.Release|x86.ActiveCfg = Release|Win32
		{738B5BCB-F4D1-464F-BAF6-C11E4037BF8B}.Release|x86.Build.0 = Release|Win32
	EndGlobalSection
	GlobalSection(SolutionProperties) = preSolution
		HideSolutionNode = FALSE
	EndGlobalSection
	GlobalSection(ExtensibilityGlobals) = postSolution
		SolutionGuid = {F4C608F6-7D64-4062-B9C8-7B81BED4A008}
	EndGlobalSection
EndGlobal
